{
    "_meta": {
        "hash": {
            "sha256": "fe4d5c528ac7241409b534f47b752164343be026ae3cc740995bd79a9e671a45"
        },
        "pipfile-spec": 6,
        "requires": {
            "python_version": "3.12"
        },
        "sources": [
            {
                "name": "pypi",
                "url": "https://pypi.org/simple",
                "verify_ssl": true
            }
        ]
    },
    "default": {},
    "develop": {}
}
